
Microsoft Visual Studio Solution File, Format Version 12.00
# Visual Studio Version 16
VisualStudioVersion = 16.0.31205.134
MinimumVisualStudioVersion = 10.0.40219.1
Project("{FAE04EC0-301F-11D3-BF4B-00C04F79EFBC}") = "HomeAssignment", "HomeAssignment\HomeAssignment.csproj", "{3E38B77E-B3F4-4560-BB76-85BDD1BE60FF}"
EndProject
Global
	GlobalSection(SolutionConfigurationPlatforms) = preSolution
		Debug|Any CPU = Debug|Any CPU
		Release|Any CPU = Release|Any CPU
	EndGlobalSection
	GlobalSection(ProjectConfigurationPlatforms) = postSolution
		{3E38B77E-B3F4-4560-BB76-85BDD1BE60FF}.Debug|Any CPU.ActiveCfg = Debug|Any CPU
		{3E38B77E-B3F4-4560-BB76-85BDD1BE60FF}.Debug|Any CPU.Build.0 = Debug|Any CPU
		{3E38B77E-B3F4-4560-BB76-85BDD1BE60FF}.Release|Any CPU.ActiveCfg = Release|Any CPU
		{3E38B77E-B3F4-4560-BB76-85BDD1BE60FF}.Release|Any CPU.Build.0 = Release|Any CPU
	EndGlobalSection
	GlobalSection(SolutionProperties) = preSolution
		HideSolutionNode = FALSE
	EndGlobalSection
	GlobalSection(ExtensibilityGlobals) = postSolution
		SolutionGuid = {E4188FE2-CCEF-4F00-987C-1929D3A60278}
	EndGlobalSection
EndGlobal
